{
  "name": "@octopus/web",
  "version": "0.1.0",
  "lockfileVersion": 3,
  "requires": true,
  "packages": {
    "": {
      "name": "@octopus/web",
      "version": "0.1.0",
      "dependencies": {
        "@mysten/dapp-kit-react": "^2.0.1",
        "@mysten/enoki": "^1.0.8",
        "@mysten/sui": "^2.12.0",
        "react": "^19.1.0",
        "react-dom": "^19.1.0"
      },
      "devDependencies": {
        "@types/react": "^19.1.1",
        "@types/react-dom": "^19.1.2",
        "@vitejs/plugin-react": "^6.0.1",
        "agentation": "^3.0.2",
        "typescript": "^5.9.3",
        "vite": "^8.0.12",
        "vitest": "^4.0.14"
      }
    },
    "../../node_modules/.pnpm/@mysten+dapp-kit-react@2.0.3_@mysten+sui@2.16.3_typescript@5.9.3__@types+react@19.2.14_react@19.2.6_typescript@5.9.3/node_modules/@mysten/dapp-kit-react": {
      "version": "2.0.3",
      "license": "Apache-2.0",
      "dependencies": {
        "@lit/react": "^1.0.8",
        "@mysten/dapp-kit-core": "^1.3.2",
        "@nanostores/react": "^1.0.0",
        "nanostores": "^1.1.0"
      },
      "devDependencies": {
        "tsdown": "0.20.0-beta.1",
        "typescript": "^5.9.3"
      },
      "peerDependencies": {
        "@types/react": ">=17.0.0",
        "react": ">=17.0.0"
      }
    },
    "../../node_modules/.pnpm/@mysten+enoki@1.0.8_@mysten+sui@2.16.3_typescript@5.9.3__@types+react@19.2.14_react@19.2.6/node_modules/@mysten/enoki": {
      "version": "1.0.8",
      "license": "Apache-2.0",
      "dependencies": {
        "@mysten/utils": "^0.3.3",
        "@mysten/wallet-standard": "^0.20.3",
        "@mysten/webcrypto-signer": "^0.1.2",
        "@nanostores/react": "^1.0.0",
        "@wallet-standard/ui": "^1.0.1",
        "idb-keyval": "^6.2.2",
        "nanostores": "^1.1.0"
      },
      "devDependencies": {
        "@types/node": "^25.0.8",
        "@types/react-dom": "^19.2.3",
        "@vitejs/plugin-react-swc": "^4.2.2",
        "react-dom": "^19.2.3",
        "typescript": "^5.9.3",
        "vite": "^8.0.5"
      },
      "peerDependencies": {
        "@mysten/sui": "^2.16.3",
        "@types/react": ">=17.0.0",
        "react": ">=17.0.0"
      },
      "peerDependenciesMeta": {
        "@types/react": {
          "optional": true
        },
        "react": {
          "optional": true
        }
      }
    },
    "../../node_modules/.pnpm/@mysten+sui@2.16.3_typescript@5.9.3/node_modules/@mysten/sui": {
      "version": "2.16.3",
      "license": "Apache-2.0",
      "dependencies": {
        "@graphql-typed-document-node/core": "^3.2.0",
        "@mysten/bcs": "^2.0.5",
        "@mysten/utils": "^0.3.3",
        "@noble/curves": "^2.0.1",
        "@noble/hashes": "^2.0.1",
        "@protobuf-ts/grpcweb-transport": "^2.11.1",
        "@protobuf-ts/runtime": "^2.11.1",
        "@protobuf-ts/runtime-rpc": "^2.11.1",
        "@scure/base": "^2.0.0",
        "@scure/bip32": "^2.0.1",
        "@scure/bip39": "^2.0.1",
        "gql.tada": "^1.9.0",
        "graphql": "^16.12.0",
        "poseidon-lite": "0.2.1",
        "valibot": "^1.2.0"
      },
      "devDependencies": {
        "@0no-co/graphqlsp": "^1.15.2",
        "@graphql-codegen/add": "^6.0.0",
        "@graphql-codegen/cli": "^6.1.1",
        "@graphql-codegen/typed-document-node": "^6.1.5",
        "@graphql-codegen/typescript": "5.0.7",
        "@graphql-codegen/typescript-document-nodes": "5.0.7",
        "@graphql-codegen/typescript-operations": "^5.0.7",
        "@grpc/grpc-js": "^1.13.3",
        "@parcel/watcher": "^2.5.4",
        "@protobuf-ts/grpc-transport": "^2.11.1",
        "@types/node": "^25.0.8",
        "@types/tmp": "^0.2.6",
        "cross-env": "^10.1.0",
        "graphql-config": "^5.1.5",
        "msw": "^2.12.7",
        "tmp": "^0.2.5",
        "ts-retry-promise": "^0.8.1",
        "typescript": "^5.9.3",
        "vite": "^8.0.5",
        "vite-tsconfig-paths": "^6.0.4",
        "vitest": "^4.0.17",
        "wait-on": "^9.0.3"
      },
      "engines": {
        "node": ">=22"
      }
    },
    "../../node_modules/.pnpm/@types+react-dom@19.2.3_@types+react@19.2.14/node_modules/@types/react-dom": {
      "version": "19.2.3",
      "dev": true,
      "license": "MIT",
      "peerDependencies": {
        "@types/react": "^19.2.0"
      }
    },
    "../../node_modules/.pnpm/@types+react@19.2.14/node_modules/@types/react": {
      "version": "19.2.14",
      "dev": true,
      "license": "MIT",
      "dependencies": {
        "csstype": "^3.2.2"
      }
    },
    "../../node_modules/.pnpm/@vitejs+plugin-react@6.0.2_vite@8.0.12_@types+node@24.12.4_esbuild@0.28.0_jiti@2.7.0_tsx@4.21.0_/node_modules/@vitejs/plugin-react": {
      "version": "6.0.2",
      "dev": true,
      "license": "MIT",
      "dependencies": {
        "@rolldown/pluginutils": "^1.0.0"
      },
      "devDependencies": {
        "@babel/core": "8.0.0-rc.4",
        "@rolldown/plugin-babel": "^0.2.3",
        "@vitejs/react-common": "workspace:*",
        "babel-plugin-react-compiler": "^1.0.0",
        "react": "^19.2.6",
        "react-dom": "^19.2.6",
        "rolldown": "^1.0.0",
        "tsdown": "^0.22.0",
        "vite": "^8.0.11"
      },
      "engines": {
        "node": "^20.19.0 || >=22.12.0"
      },
      "peerDependencies": {
        "@rolldown/plugin-babel": "^0.1.7 || ^0.2.0",
        "babel-plugin-react-compiler": "^1.0.0",
        "vite": "^8.0.0"
      },
      "peerDependenciesMeta": {
        "@rolldown/plugin-babel": {
          "optional": true
        },
        "babel-plugin-react-compiler": {
          "optional": true
        }
      }
    },
    "../../node_modules/.pnpm/react-dom@19.2.6_react@19.2.6/node_modules/react-dom": {
      "version": "19.2.6",
      "license": "MIT",
      "dependencies": {
        "scheduler": "^0.27.0"
      },
      "peerDependencies": {
        "react": "^19.2.6"
      }
    },
    "../../node_modules/.pnpm/react@19.2.6/node_modules/react": {
      "version": "19.2.6",
      "license": "MIT",
      "engines": {
        "node": ">=0.10.0"
      }
    },
    "../../node_modules/.pnpm/typescript@5.9.3/node_modules/typescript": {
      "version": "5.9.3",
      "dev": true,
      "license": "Apache-2.0",
      "bin": {
        "tsc": "bin/tsc",
        "tsserver": "bin/tsserver"
      },
      "devDependencies": {
        "@dprint/formatter": "^0.4.1",
        "@dprint/typescript": "0.93.4",
        "@esfx/canceltoken": "^1.0.0",
        "@eslint/js": "^9.20.0",
        "@octokit/rest": "^21.1.1",
        "@types/chai": "^4.3.20",
        "@types/diff": "^7.0.1",
        "@types/minimist": "^1.2.5",
        "@types/mocha": "^10.0.10",
        "@types/ms": "^0.7.34",
        "@types/node": "latest",
        "@types/source-map-support": "^0.5.10",
        "@types/which": "^3.0.4",
        "@typescript-eslint/rule-tester": "^8.24.1",
        "@typescript-eslint/type-utils": "^8.24.1",
        "@typescript-eslint/utils": "^8.24.1",
        "azure-devops-node-api": "^14.1.0",
        "c8": "^10.1.3",
        "chai": "^4.5.0",
        "chokidar": "^4.0.3",
        "diff": "^7.0.0",
        "dprint": "^0.49.0",
        "esbuild": "^0.25.0",
        "eslint": "^9.20.1",
        "eslint-formatter-autolinkable-stylish": "^1.4.0",
        "eslint-plugin-regexp": "^2.7.0",
        "fast-xml-parser": "^4.5.2",
        "glob": "^10.4.5",
        "globals": "^15.15.0",
        "hereby": "^1.10.0",
        "jsonc-parser": "^3.3.1",
        "knip": "^5.44.4",
        "minimist": "^1.2.8",
        "mocha": "^10.8.2",
        "mocha-fivemat-progress-reporter": "^0.1.0",
        "monocart-coverage-reports": "^2.12.1",
        "ms": "^2.1.3",
        "picocolors": "^1.1.1",
        "playwright": "^1.50.1",
        "source-map-support": "^0.5.21",
        "tslib": "^2.8.1",
        "typescript": "^5.7.3",
        "typescript-eslint": "^8.24.1",
        "which": "^3.0.1"
      },
      "engines": {
        "node": ">=14.17"
      }
    },
    "../../node_modules/.pnpm/vite@8.0.12_@types+node@24.12.4_esbuild@0.28.0_jiti@2.7.0_tsx@4.21.0/node_modules/vite": {
      "version": "8.0.12",
      "dev": true,
      "license": "MIT",
      "dependencies": {
        "lightningcss": "^1.32.0",
        "picomatch": "^4.0.4",
        "postcss": "^8.5.14",
        "rolldown": "1.0.0",
        "tinyglobby": "^0.2.16"
      },
      "bin": {
        "vite": "bin/vite.js"
      },
      "devDependencies": {
        "@babel/parser": "^7.29.3",
        "@jridgewell/remapping": "^2.3.5",
        "@jridgewell/trace-mapping": "^0.3.31",
        "@polka/compression": "^1.0.0-next.25",
        "@rollup/plugin-alias": "^6.0.0",
        "@rollup/plugin-dynamic-import-vars": "2.1.4",
        "@rollup/pluginutils": "^5.3.0",
        "@types/escape-html": "^1.0.4",
        "@types/pnpapi": "^0.0.5",
        "@vercel/detect-agent": "^1.2.3",
        "@vitejs/devtools": "^0.1.21",
        "@vitest/utils": "4.1.5",
        "artichokie": "^0.4.3",
        "baseline-browser-mapping": "^2.10.29",
        "cac": "^7.0.0",
        "chokidar": "^3.6.0",
        "connect": "^3.7.0",
        "convert-source-map": "^2.0.0",
        "cors": "^2.8.6",
        "cross-spawn": "^7.0.6",
        "dotenv-expand": "^13.0.0",
        "es-module-lexer": "^1.7.0",
        "esbuild": "^0.28.0",
        "escape-html": "^1.0.3",
        "estree-walker": "^3.0.3",
        "etag": "^1.8.1",
        "host-validation-middleware": "^0.1.4",
        "http-proxy-3": "^1.23.2",
        "launch-editor-middleware": "^2.13.2",
        "magic-string": "^0.30.21",
        "mlly": "^1.8.2",
        "mrmime": "^2.0.1",
        "nanoid": "^5.1.11",
        "obug": "^1.0.2",
        "open": "^10.2.0",
        "parse5": "^8.0.1",
        "pathe": "^2.0.3",
        "periscopic": "^4.0.3",
        "picocolors": "^1.1.1",
        "postcss-import": "^16.1.1",
        "postcss-load-config": "^6.0.1",
        "postcss-modules": "^6.0.1",
        "premove": "^4.0.0",
        "resolve.exports": "^2.0.3",
        "rolldown-plugin-dts": "^0.25.0",
        "rollup": "^4.59.0",
        "rollup-plugin-license": "^3.7.1",
        "sass": "^1.99.0",
        "sass-embedded": "^1.99.0",
        "sirv": "^3.0.2",
        "strip-literal": "^3.1.0",
        "terser": "^5.47.1",
        "ufo": "^1.6.4",
        "ws": "^8.20.0"
      },
      "engines": {
        "node": "^20.19.0 || >=22.12.0"
      },
      "funding": {
        "url": "https://github.com/vitejs/vite?sponsor=1"
      },
      "optionalDependencies": {
        "fsevents": "~2.3.3"
      },
      "peerDependencies": {
        "@types/node": "^20.19.0 || >=22.12.0",
        "@vitejs/devtools": "^0.1.18",
        "esbuild": "^0.27.0 || ^0.28.0",
        "jiti": ">=1.21.0",
        "less": "^4.0.0",
        "sass": "^1.70.0",
        "sass-embedded": "^1.70.0",
        "stylus": ">=0.54.8",
        "sugarss": "^5.0.0",
        "terser": "^5.16.0",
        "tsx": "^4.8.1",
        "yaml": "^2.4.2"
      },
      "peerDependenciesMeta": {
        "@types/node": {
          "optional": true
        },
        "@vitejs/devtools": {
          "optional": true
        },
        "esbuild": {
          "optional": true
        },
        "jiti": {
          "optional": true
        },
        "less": {
          "optional": true
        },
        "sass": {
          "optional": true
        },
        "sass-embedded": {
          "optional": true
        },
        "stylus": {
          "optional": true
        },
        "sugarss": {
          "optional": true
        },
        "terser": {
          "optional": true
        },
        "tsx": {
          "optional": true
        },
        "yaml": {
          "optional": true
        }
      }
    },
    "../../node_modules/.pnpm/vitest@4.1.6_@types+node@24.12.4_vite@8.0.12_@types+node@24.12.4_esbuild@0.28.0_jiti@2.7.0_tsx@4.21.0_/node_modules/vitest": {
      "version": "4.1.6",
      "dev": true,
      "license": "MIT",
      "dependencies": {
        "@vitest/expect": "4.1.6",
        "@vitest/mocker": "4.1.6",
        "@vitest/pretty-format": "4.1.6",
        "@vitest/runner": "4.1.6",
        "@vitest/snapshot": "4.1.6",
        "@vitest/spy": "4.1.6",
        "@vitest/utils": "4.1.6",
        "es-module-lexer": "^2.0.0",
        "expect-type": "^1.3.0",
        "magic-string": "^0.30.21",
        "obug": "^2.1.1",
        "pathe": "^2.0.3",
        "picomatch": "^4.0.3",
        "std-env": "^4.0.0-rc.1",
        "tinybench": "^2.9.0",
        "tinyexec": "^1.0.2",
        "tinyglobby": "^0.2.15",
        "tinyrainbow": "^3.1.0",
        "vite": "^6.0.0 || ^7.0.0 || ^8.0.0",
        "why-is-node-running": "^2.3.0"
      },
      "bin": {
        "vitest": "vitest.mjs"
      },
      "devDependencies": {
        "@antfu/install-pkg": "^1.1.0",
        "@bomb.sh/tab": "^0.0.14",
        "@edge-runtime/vm": "^5.0.0",
        "@jridgewell/trace-mapping": "0.3.31",
        "@opentelemetry/api": "^1.9.0",
        "@sinonjs/fake-timers": "15.0.0",
        "@types/estree": "^1.0.8",
        "@types/istanbul-lib-coverage": "^2.0.6",
        "@types/istanbul-reports": "^3.0.4",
        "@types/jsdom": "^27.0.0",
        "@types/node": "^24.12.0",
        "@types/picomatch": "^4.0.2",
        "@types/prompts": "^2.4.9",
        "@types/sinonjs__fake-timers": "^15.0.1",
        "acorn": "8.11.3",
        "acorn-walk": "^8.3.5",
        "birpc": "^4.0.0",
        "cac": "^6.7.14",
        "empathic": "^2.0.0",
        "flatted": "^3.4.2",
        "happy-dom": "^20.8.3",
        "jsdom": "^27.4.0",
        "local-pkg": "^1.1.2",
        "mime": "^4.1.0",
        "prompts": "^2.4.2",
        "strip-literal": "^3.1.0",
        "tinyhighlight": "^0.3.2",
        "ws": "^8.19.0"
      },
      "engines": {
        "node": "^20.0.0 || ^22.0.0 || >=24.0.0"
      },
      "funding": {
        "url": "https://opencollective.com/vitest"
      },
      "peerDependencies": {
        "@edge-runtime/vm": "*",
        "@opentelemetry/api": "^1.9.0",
        "@types/node": "^20.0.0 || ^22.0.0 || >=24.0.0",
        "@vitest/browser-playwright": "4.1.6",
        "@vitest/browser-preview": "4.1.6",
        "@vitest/browser-webdriverio": "4.1.6",
        "@vitest/coverage-istanbul": "4.1.6",
        "@vitest/coverage-v8": "4.1.6",
        "@vitest/ui": "4.1.6",
        "happy-dom": "*",
        "jsdom": "*",
        "vite": "^6.0.0 || ^7.0.0 || ^8.0.0"
      },
      "peerDependenciesMeta": {
        "@edge-runtime/vm": {
          "optional": true
        },
        "@opentelemetry/api": {
          "optional": true
        },
        "@types/node": {
          "optional": true
        },
        "@vitest/browser-playwright": {
          "optional": true
        },
        "@vitest/browser-preview": {
          "optional": true
        },
        "@vitest/browser-webdriverio": {
          "optional": true
        },
        "@vitest/coverage-istanbul": {
          "optional": true
        },
        "@vitest/coverage-v8": {
          "optional": true
        },
        "@vitest/ui": {
          "optional": true
        },
        "happy-dom": {
          "optional": true
        },
        "jsdom": {
          "optional": true
        },
        "vite": {
          "optional": false
        }
      }
    },
    "node_modules/@mysten/dapp-kit-react": {
      "resolved": "../../node_modules/.pnpm/@mysten+dapp-kit-react@2.0.3_@mysten+sui@2.16.3_typescript@5.9.3__@types+react@19.2.14_react@19.2.6_typescript@5.9.3/node_modules/@mysten/dapp-kit-react",
      "link": true
    },
    "node_modules/@mysten/enoki": {
      "resolved": "../../node_modules/.pnpm/@mysten+enoki@1.0.8_@mysten+sui@2.16.3_typescript@5.9.3__@types+react@19.2.14_react@19.2.6/node_modules/@mysten/enoki",
      "link": true
    },
    "node_modules/@mysten/sui": {
      "resolved": "../../node_modules/.pnpm/@mysten+sui@2.16.3_typescript@5.9.3/node_modules/@mysten/sui",
      "link": true
    },
    "node_modules/@types/react": {
      "resolved": "../../node_modules/.pnpm/@types+react@19.2.14/node_modules/@types/react",
      "link": true
    },
    "node_modules/@types/react-dom": {
      "resolved": "../../node_modules/.pnpm/@types+react-dom@19.2.3_@types+react@19.2.14/node_modules/@types/react-dom",
      "link": true
    },
    "node_modules/@vitejs/plugin-react": {
      "resolved": "../../node_modules/.pnpm/@vitejs+plugin-react@6.0.2_vite@8.0.12_@types+node@24.12.4_esbuild@0.28.0_jiti@2.7.0_tsx@4.21.0_/node_modules/@vitejs/plugin-react",
      "link": true
    },
    "node_modules/agentation": {
      "version": "3.0.2",
      "resolved": "https://registry.npmjs.org/agentation/-/agentation-3.0.2.tgz",
      "integrity": "sha512-iGzBxFVTuZEIKzLY6AExSLAQH6i6SwxV4pAu7v7m3X6bInZ7qlZXAwrEqyc4+EfP4gM7z2RXBF6SF4DeH0f2lA==",
      "dev": true,
      "license": "PolyForm-Shield-1.0.0",
      "peerDependencies": {
        "react": ">=18.0.0",
        "react-dom": ">=18.0.0"
      },
      "peerDependenciesMeta": {
        "react": {
          "optional": true
        },
        "react-dom": {
          "optional": true
        }
      }
    },
    "node_modules/react": {
      "resolved": "../../node_modules/.pnpm/react@19.2.6/node_modules/react",
      "link": true
    },
    "node_modules/react-dom": {
      "resolved": "../../node_modules/.pnpm/react-dom@19.2.6_react@19.2.6/node_modules/react-dom",
      "link": true
    },
    "node_modules/typescript": {
      "resolved": "../../node_modules/.pnpm/typescript@5.9.3/node_modules/typescript",
      "link": true
    },
    "node_modules/vite": {
      "resolved": "../../node_modules/.pnpm/vite@8.0.12_@types+node@24.12.4_esbuild@0.28.0_jiti@2.7.0_tsx@4.21.0/node_modules/vite",
      "link": true
    },
    "node_modules/vitest": {
      "resolved": "../../node_modules/.pnpm/vitest@4.1.6_@types+node@24.12.4_vite@8.0.12_@types+node@24.12.4_esbuild@0.28.0_jiti@2.7.0_tsx@4.21.0_/node_modules/vitest",
      "link": true
    }
  }
}
